{
  "name": "ai-patient-summary-Final",
  "lockfileVersion": 3,
  "requires": true,
  "packages": {
    "": {
      "dependencies": {
        "@amplitude/analytics-browser": "^2.22.2"
      }
    },
    "node_modules/@amplitude/analytics-browser": {
      "version": "2.22.2",
      "resolved": "https://registry.npmjs.org/@amplitude/analytics-browser/-/analytics-browser-2.22.2.tgz",
      "integrity": "sha512-YVHHGLk18dtW1Qjjau4Q6vRY5ugOwNbk2Ewdq6PVpc1D9jOvdkB5aH+2QR2soWT65ofPBOYUCMARQsvmwHEvyQ==",
      "license": "MIT",
      "dependencies": {
        "@amplitude/analytics-core": "^2.20.2",
        "@amplitude/analytics-remote-config": "^0.4.0",
        "@amplitude/plugin-autocapture-browser": "^1.9.0",
        "@amplitude/plugin-network-capture-browser": "^1.4.5",
        "@amplitude/plugin-page-view-tracking-browser": "^2.3.40",
        "@amplitude/plugin-web-vitals-browser": "^0.1.0-beta.15",
        "tslib": "^2.4.1"
      }
    },
    "node_modules/@amplitude/analytics-client-common": {
      "version": "2.3.34",
      "resolved": "https://registry.npmjs.org/@amplitude/analytics-client-common/-/analytics-client-common-2.3.34.tgz",
      "integrity": "sha512-wgYwUqWQhb/6F2F1Bqu5xNu+e8UEkXo9mDuaH4/OVLLbj9BVfS6pP9zKS6d8PMmWNFqeWjkaas1tODrwv707oA==",
      "license": "MIT",
      "dependencies": {
        "@amplitude/analytics-connector": "^1.4.8",
        "@amplitude/analytics-core": "^2.20.2",
        "@amplitude/analytics-types": "^2.9.2",
        "tslib": "^2.4.1"
      }
    },
    "node_modules/@amplitude/analytics-connector": {
      "version": "1.6.4",
      "resolved": "https://registry.npmjs.org/@amplitude/analytics-connector/-/analytics-connector-1.6.4.tgz",
      "integrity": "sha512-SpIv0IQMNIq6SH3UqFGiaZyGSc7PBZwRdq7lvP0pBxW8i4Ny+8zwI0pV+VMfMHQwWY3wdIbWw5WQphNjpdq1/Q==",
      "license": "MIT"
    },
    "node_modules/@amplitude/analytics-core": {
      "version": "2.20.2",
      "resolved": "https://registry.npmjs.org/@amplitude/analytics-core/-/analytics-core-2.20.2.tgz",
      "integrity": "sha512-gVaBTwtN9SU/h2cztu6MU8k9a2G1ae+7IAPmpQ+dQVVXM1JxJga5WjoivkCRq2rxRVYxcrK3CZwYoAo49zDDpg==",
      "license": "MIT",
      "dependencies": {
        "@amplitude/analytics-connector": "^1.6.4",
        "tslib": "^2.4.1"
      }
    },
    "node_modules/@amplitude/analytics-remote-config": {
      "version": "0.4.1",
      "resolved": "https://registry.npmjs.org/@amplitude/analytics-remote-config/-/analytics-remote-config-0.4.1.tgz",
      "integrity": "sha512-BYl6kQ9qjztrCACsugpxO+foLaQIC0aSEzoXEAb/gwOzInmqkyyI+Ub+aWTBih4xgB/lhWlOcidWHAmNiTJTNw==",
      "license": "MIT",
      "dependencies": {
        "@amplitude/analytics-client-common": ">=1 <3",
        "@amplitude/analytics-core": ">=1 <3",
        "@amplitude/analytics-types": ">=1 <3",
        "tslib": "^2.4.1"
      }
    },
    "node_modules/@amplitude/analytics-types": {
      "version": "2.9.2",
      "resolved": "https://registry.npmjs.org/@amplitude/analytics-types/-/analytics-types-2.9.2.tgz",
      "integrity": "sha512-juhTz396dDP/jLJYP9zDOEAZBtJM0JVvP8G10p1OxUDBVwVIprpQL598F9GRQwVFyqV4CEhDmNyAY0HqqU5bhA==",
      "license": "MIT"
    },
    "node_modules/@amplitude/plugin-autocapture-browser": {
      "version": "1.9.0",
      "resolved": "https://registry.npmjs.org/@amplitude/plugin-autocapture-browser/-/plugin-autocapture-browser-1.9.0.tgz",
      "integrity": "sha512-2vZpK8t+EJFDoB0kQO4ox5ohyEN7ocOzSE/fire0F3fHSDS0GLZxFzqDMIgtUYzjmC+hYmjQc5riPoOYEW18hA==",
      "license": "MIT",
      "dependencies": {
        "@amplitude/analytics-core": "^2.20.2",
        "@amplitude/analytics-remote-config": "^0.6.3",
        "rxjs": "^7.8.1",
        "tslib": "^2.4.1"
      }
    },
    "node_modules/@amplitude/plugin-autocapture-browser/node_modules/@amplitude/analytics-remote-config": {
      "version": "0.6.3",
      "resolved": "https://registry.npmjs.org/@amplitude/analytics-remote-config/-/analytics-remote-config-0.6.3.tgz",
      "integrity": "sha512-icE0ogCzdHAtQi9jiOFQUmKrvWQc5YEO6bLZUfQXCT/yTTNXppWnT1zHMKzXa3SMDosfrLwU/X8sro1PTI+jZQ==",
      "license": "MIT",
      "dependencies": {
        "@amplitude/analytics-core": ">=1 <2",
        "@amplitude/analytics-types": ">=1 <2",
        "tslib": "^2.4.1"
      }
    },
    "node_modules/@amplitude/plugin-autocapture-browser/node_modules/@amplitude/analytics-remote-config/node_modules/@amplitude/analytics-core": {
      "version": "1.2.8",
      "resolved": "https://registry.npmjs.org/@amplitude/analytics-core/-/analytics-core-1.2.8.tgz",
      "integrity": "sha512-Krxpr5uvS3HmmjvpYqPfbMbs2kcZZu09L+6KwQnPiofWRzoXWIM217fRfy6aSD/QrAoPGbZjvtVitw9cB7Cx+A==",
      "license": "MIT",
      "dependencies": {
        "@amplitude/analytics-types": "^1.4.0",
        "tslib": "^2.4.1"
      }
    },
    "node_modules/@amplitude/plugin-autocapture-browser/node_modules/@amplitude/analytics-types": {
      "version": "1.4.0",
      "resolved": "https://registry.npmjs.org/@amplitude/analytics-types/-/analytics-types-1.4.0.tgz",
      "integrity": "sha512-RiMPHBqdrJ8ktTqG+Wzj2htnN/PCG9jGZG0SXtTFnWwVvcAJYbYm55/nrP1TTyrx1OlLhvF2VG3lVUP/xGAU8w==",
      "license": "MIT"
    },
    "node_modules/@amplitude/plugin-network-capture-browser": {
      "version": "1.4.5",
      "resolved": "https://registry.npmjs.org/@amplitude/plugin-network-capture-browser/-/plugin-network-capture-browser-1.4.5.tgz",
      "integrity": "sha512-mpkBAQWWcwalxWcvZ0pejcnqQCNsvY+mzoiw72+W6xkresIb7pbmowIKGXhkOeHwVnd/134+V2yRvkbFP4mAvA==",
      "license": "MIT",
      "dependencies": {
        "@amplitude/analytics-core": "^2.20.2",
        "rxjs": "^7.8.1",
        "tslib": "^2.4.1"
      }
    },
    "node_modules/@amplitude/plugin-page-view-tracking-browser": {
      "version": "2.3.40",
      "resolved": "https://registry.npmjs.org/@amplitude/plugin-page-view-tracking-browser/-/plugin-page-view-tracking-browser-2.3.40.tgz",
      "integrity": "sha512-SRw6d0G6G0DTgWUFMFjMM4ABJ0EBeLk0aZj6H1p/EVz3M8ShIEYTQMU90OlKGKtPfW/SKL2L0DvPRDz2jKYDmQ==",
      "license": "MIT",
      "dependencies": {
        "@amplitude/analytics-client-common": "^2.3.34",
        "@amplitude/analytics-types": "^2.9.2",
        "tslib": "^2.4.1"
      }
    },
    "node_modules/@amplitude/plugin-web-vitals-browser": {
      "version": "0.1.0-frustrationanalytics.0",
      "resolved": "https://registry.npmjs.org/@amplitude/plugin-web-vitals-browser/-/plugin-web-vitals-browser-0.1.0-frustrationanalytics.0.tgz",
      "integrity": "sha512-xv4sje6/D8r+SgNFTA22FJ5PhtdhN+VSydvs63Frll+qWlyQwaZ1IgDbPyqjzryEkldHRPD7GUaQual+geoIYg==",
      "license": "MIT",
      "dependencies": {
        "@amplitude/analytics-core": "^2.14.0-frustrationanalytics.0",
        "rxjs": "^7.8.1",
        "tslib": "^2.4.1",
        "web-vitals": "^5.0.1"
      }
    },
    "node_modules/rxjs": {
      "version": "7.8.2",
      "resolved": "https://registry.npmjs.org/rxjs/-/rxjs-7.8.2.tgz",
      "integrity": "sha512-dhKf903U/PQZY6boNNtAGdWbG85WAbjT/1xYoZIC7FAY0yWapOBQVsVrDl58W86//e1VpMNBtRV4MaXfdMySFA==",
      "license": "Apache-2.0",
      "dependencies": {
        "tslib": "^2.1.0"
      }
    },
    "node_modules/tslib": {
      "version": "2.8.1",
      "resolved": "https://registry.npmjs.org/tslib/-/tslib-2.8.1.tgz",
      "integrity": "sha512-oJFu94HQb+KVduSUQL7wnpmqnfmLsOA/nAh6b6EH0wCEoK0/mPeXU6c3wKDV83MkOuHPRHtSXKKU99IBazS/2w==",
      "license": "0BSD"
    },
    "node_modules/web-vitals": {
      "version": "5.1.0",
      "resolved": "https://registry.npmjs.org/web-vitals/-/web-vitals-5.1.0.tgz",
      "integrity": "sha512-ArI3kx5jI0atlTtmV0fWU3fjpLmq/nD3Zr1iFFlJLaqa5wLBkUSzINwBPySCX/8jRyjlmy1Volw1kz1g9XE4Jg==",
      "license": "Apache-2.0"
    }
  }
}
